<?xml version="1.0" encoding="utf-8"?>
<Project ToolsVersion="4.0" xmlns="http://schemas.microsoft.com/developer/msbuild/2003">
  <ItemGroup>
    <Filter Include="资源文件">
      <UniqueIdentifier>{67DA6AB6-F800-4c08-8B7A-83BB121AAD01}</UniqueIdentifier>
      <Extensions>rc;ico;cur;bmp;dlg;rc2;rct;bin;rgs;gif;jpg;jpeg;jpe;resx;tiff;tif;png;wav;mfcribbon-ms</Extensions>
    </Filter>
  </ItemGroup>
  <ItemGroup>
    <ClCompile Include="main.cpp" />
    <ClCompile Include="WheatTCPServer.cpp" />
    <ClCompile Include="WheatBedManager.cpp" />
    <ClCompile Include="WheatCommand.cpp" />
    <ClCompile Include="ProjectCommon.cpp" />
    <ClCompile Include="WheatChatRecorder.cpp" />
    <ClCompile Include="WheatVote.cpp" />
  </ItemGroup>
  <ItemGroup>
    <ClInclude Include="WheatTCPServer.h" />
    <ClInclude Include="WheatBedManager.h" />
    <ClInclude Include="ProjectCommon.h" />
    <ClInclude Include="WheatCommand.h" />
    <ClInclude Include="WheatChatRecorder.h" />
    <ClInclude Include="WheatVote.h" />
  </ItemGroup>
</Project>