
Microsoft Visual Studio Solution File, Format Version 12.00
# Visual Studio Version 17
VisualStudioVersion = 17.1.32407.343
MinimumVisualStudioVersion = 10.0.40219.1
Project("{8BC9CEB8-8B4A-11D0-8D11-00A0C91BC942}") = "CloudSleepServer", "CloudSleepServer.vcxproj", "{6CD746A2-ACF4-4196-AD6C-FCF8E9069ED9}"
EndProject
Global
	GlobalSection(SolutionConfigurationPlatforms) = preSolution
		Debug|x64 = Debug|x64
		Debug|x86 = Debug|x86
		Release|x64 = Release|x64
		Release|x86 = Release|x86
	EndGlobalSection
	GlobalSection(ProjectConfigurationPlatforms) = postSolution
		{6CD746A2-ACF4-4196-AD6C-FCF8E9069ED9}.Debug|x64.ActiveCfg = Debug|x64
		{6CD746A2-ACF4-4196-AD6C-FCF8E9069ED9}.Debug|x64.Build.0 = Debug|x64
		{6CD746A2-ACF4-4196-AD6C-FCF8E9069ED9}.Debug|x86.ActiveCfg = Debug|Win32
		{6CD746A2-ACF4-4196-AD6C-FCF8E9069ED9}.Debug|x86.Build.0 = Debug|Win32
		{6CD746A2-ACF4-4196-AD6C-FCF8E9069ED9}.Release|x64.ActiveCfg = Release|x64
		{6CD746A2-ACF4-4196-AD6C-FCF8E9069ED9}.Release|x64.Build.0 = Release|x64
		{6CD746A2-ACF4-4196-AD6C-FCF8E9069ED9}.Release|x86.ActiveCfg = Release|Win32
		{6CD746A2-ACF4-4196-AD6C-FCF8E9069ED9}.Release|x86.Build.0 = Release|Win32
	EndGlobalSection
	GlobalSection(SolutionProperties) = preSolution
		HideSolutionNode = FALSE
	EndGlobalSection
	GlobalSection(ExtensibilityGlobals) = postSolution
		SolutionGuid = {9187BA54-058B-4CD7-A715-C6C2ED0E95FA}
	EndGlobalSection
EndGlobal
